// !$*UTF8*$!
{
	archiveVersion = 1;
	classes = {
	};
	objectVersion = 46;
	objects = {

/* Begin PBXBuildFile section */
		067EAD021EA34AFC0017F8EB /* main.m in Sources */ = {isa = PBXBuildFile; fileRef = 067EAD011EA34AFC0017F8EB /* main.m */; };
		067EAD051EA34AFC0017F8EB /* AppDelegate.m in Sources */ = {isa = PBXBuildFile; fileRef = 067EAD041EA34AFC0017F8EB /* AppDelegate.m */; };
		067EAD081EA34AFC0017F8EB /* ViewController.m in Sources */ = {isa = PBXBuildFile; fileRef = 067EAD071EA34AFC0017F8EB /* ViewController.m */; };
		067EAD0B1EA34AFC0017F8EB /* Main.storyboard in Resources */ = {isa = PBXBuildFile; fileRef = 067EAD091EA34AFC0017F8EB /* Main.storyboard */; };
		067EAD0D1EA34AFC0017F8EB /* Assets.xcassets in Resources */ = {isa = PBXBuildFile; fileRef = 067EAD0C1EA34AFC0017F8EB /* Assets.xcassets */; };
		067EAD101EA34AFC0017F8EB /* LaunchScreen.storyboard in Resources */ = {isa = PBXBuildFile; fileRef = 067EAD0E1EA34AFC0017F8EB /* LaunchScreen.storyboard */; };
		067EAD1B1EA34AFC0017F8EB /* iOS_GeneralframeworkTests.m in Sources */ = {isa = PBXBuildFile; fileRef = 067EAD1A1EA34AFC0017F8EB /* iOS_GeneralframeworkTests.m */; };
		067EAD261EA34AFC0017F8EB /* iOS_GeneralframeworkUITests.m in Sources */ = {isa = PBXBuildFile; fileRef = 067EAD251EA34AFC0017F8EB /* iOS_GeneralframeworkUITests.m */; };
		067EAD441EA352300017F8EB /* NSString+Pinyin.m in Sources */ = {isa = PBXBuildFile; fileRef = 067EAD421EA352300017F8EB /* NSString+Pinyin.m */; };
		067EAD471EA352440017F8EB /* UIView+Frame.m in Sources */ = {isa = PBXBuildFile; fileRef = 067EAD461EA352440017F8EB /* UIView+Frame.m */; };
		067EAD4A1EA353EA0017F8EB /* UIView+Nib.m in Sources */ = {isa = PBXBuildFile; fileRef = 067EAD491EA353EA0017F8EB /* UIView+Nib.m */; };
		067EAD4D1EA3548F0017F8EB /* UIView+ViewController.m in Sources */ = {isa = PBXBuildFile; fileRef = 067EAD4C1EA3548F0017F8EB /* UIView+ViewController.m */; };
		067EAD501EA354BC0017F8EB /* UIColor+Hex.m in Sources */ = {isa = PBXBuildFile; fileRef = 067EAD4F1EA354BC0017F8EB /* UIColor+Hex.m */; };
		067EAD531EA355520017F8EB /* UIImage+Clip.m in Sources */ = {isa = PBXBuildFile; fileRef = 067EAD521EA355520017F8EB /* UIImage+Clip.m */; };
		067EAD561EA356310017F8EB /* UIImage+Color.m in Sources */ = {isa = PBXBuildFile; fileRef = 067EAD551EA356310017F8EB /* UIImage+Color.m */; };
		067EAD591EA356BE0017F8EB /* UIImage+Snap.m in Sources */ = {isa = PBXBuildFile; fileRef = 067EAD581EA356BE0017F8EB /* UIImage+Snap.m */; };
		067EAD5C1EA357250017F8EB /* UIImage+Launchimage.m in Sources */ = {isa = PBXBuildFile; fileRef = 067EAD5B1EA357250017F8EB /* UIImage+Launchimage.m */; };
		067EAD641EA358730017F8EB /* NSString+Base64.m in Sources */ = {isa = PBXBuildFile; fileRef = 067EAD631EA358730017F8EB /* NSString+Base64.m */; };
		067EAD671EA3590A0017F8EB /* NSString+Encrypt.m in Sources */ = {isa = PBXBuildFile; fileRef = 067EAD661EA3590A0017F8EB /* NSString+Encrypt.m */; };
		067EAD6A1EA359630017F8EB /* NSString+MD5.m in Sources */ = {isa = PBXBuildFile; fileRef = 067EAD691EA359630017F8EB /* NSString+MD5.m */; };
		067EAD6D1EA3599C0017F8EB /* NSString+Size.m in Sources */ = {isa = PBXBuildFile; fileRef = 067EAD6C1EA3599C0017F8EB /* NSString+Size.m */; };
		067EAD721EA35A240017F8EB /* NSData+Base64.m in Sources */ = {isa = PBXBuildFile; fileRef = 067EAD711EA35A240017F8EB /* NSData+Base64.m */; };
		067EAD751EA35A530017F8EB /* NSData+Encrypt.m in Sources */ = {isa = PBXBuildFile; fileRef = 067EAD741EA35A530017F8EB /* NSData+Encrypt.m */; };
		067EAD791EA35B4D0017F8EB /* NSDate+Convert.m in Sources */ = {isa = PBXBuildFile; fileRef = 067EAD781EA35B4D0017F8EB /* NSDate+Convert.m */; };
		067EAD7C1EA35CD30017F8EB /* NSString+Date.m in Sources */ = {isa = PBXBuildFile; fileRef = 067EAD7B1EA35CD30017F8EB /* NSString+Date.m */; };
		067EAD801EA3603E0017F8EB /* UIButton+Highlight.m in Sources */ = {isa = PBXBuildFile; fileRef = 067EAD7F1EA3603E0017F8EB /* UIButton+Highlight.m */; };
		069374171EA606AB004E1226 /* GFEffectView.m in Sources */ = {isa = PBXBuildFile; fileRef = 069374141EA606AB004E1226 /* GFEffectView.m */; };
		069374181EA606AB004E1226 /* GFToast.m in Sources */ = {isa = PBXBuildFile; fileRef = 069374161EA606AB004E1226 /* GFToast.m */; };
		06ADFE821EA4A60D00D7708B /* GF_Tools.m in Sources */ = {isa = PBXBuildFile; fileRef = 06ADFE811EA4A60D00D7708B /* GF_Tools.m */; };
		06ADFE861EA4A70300D7708B /* GFDeviceUtil.m in Sources */ = {isa = PBXBuildFile; fileRef = 06ADFE851EA4A70300D7708B /* GFDeviceUtil.m */; };
		49593409FAC72119D97630B9 /* libPods-iOS-Generalframework.a in Frameworks */ = {isa = PBXBuildFile; fileRef = 5232D9DCEFA2B3E43AE3FE48 /* libPods-iOS-Generalframework.a */; };
/* End PBXBuildFile section */

/* Begin PBXContainerItemProxy section */
		067EAD171EA34AFC0017F8EB /* PBXContainerItemProxy */ = {
			isa = PBXContainerItemProxy;
			containerPortal = 067EACF51EA34AFC0017F8EB /* Project object */;
			proxyType = 1;
			remoteGlobalIDString = 067EACFC1EA34AFC0017F8EB;
			remoteInfo = "iOS-Generalframework";
		};
		067EAD221EA34AFC0017F8EB /* PBXContainerItemProxy */ = {
			isa = PBXContainerItemProxy;
			containerPortal = 067EACF51EA34AFC0017F8EB /* Project object */;
			proxyType = 1;
			remoteGlobalIDString = 067EACFC1EA34AFC0017F8EB;
			remoteInfo = "iOS-Generalframework";
		};
/* End PBXContainerItemProxy section */

/* Begin PBXFileReference section */
		067EACFD1EA34AFC0017F8EB /* iOS-Generalframework.app */ = {isa = PBXFileReference; explicitFileType = wrapper.application; includeInIndex = 0; path = "iOS-Generalframework.app"; sourceTree = BUILT_PRODUCTS_DIR; };
		067EAD011EA34AFC0017F8EB /* main.m */ = {isa = PBXFileReference; lastKnownFileType = sourcecode.c.objc; path = main.m; sourceTree = "<group>"; };
		067EAD031EA34AFC0017F8EB /* AppDelegate.h */ = {isa = PBXFileReference; lastKnownFileType = sourcecode.c.h; path = AppDelegate.h; sourceTree = "<group>"; };
		067EAD041EA34AFC0017F8EB /* AppDelegate.m */ = {isa = PBXFileReference; lastKnownFileType = sourcecode.c.objc; path = AppDelegate.m; sourceTree = "<group>"; };
		067EAD061EA34AFC0017F8EB /* ViewController.h */ = {isa = PBXFileReference; lastKnownFileType = sourcecode.c.h; path = ViewController.h; sourceTree = "<group>"; };
		067EAD071EA34AFC0017F8EB /* ViewController.m */ = {isa = PBXFileReference; lastKnownFileType = sourcecode.c.objc; path = ViewController.m; sourceTree = "<group>"; };
		067EAD0A1EA34AFC0017F8EB /* Base */ = {isa = PBXFileReference; lastKnownFileType = file.storyboard; name = Base; path = Base.lproj/Main.storyboard; sourceTree = "<group>"; };
		067EAD0C1EA34AFC0017F8EB /* Assets.xcassets */ = {isa = PBXFileReference; lastKnownFileType = folder.assetcatalog; path = Assets.xcassets; sourceTree = "<group>"; };
		067EAD0F1EA34AFC0017F8EB /* Base */ = {isa = PBXFileReference; lastKnownFileType = file.storyboard; name = Base; path = Base.lproj/LaunchScreen.storyboard; sourceTree = "<group>"; };
		067EAD111EA34AFC0017F8EB /* Info.plist */ = {isa = PBXFileReference; lastKnownFileType = text.plist.xml; path = Info.plist; sourceTree = "<group>"; };
		067EAD161EA34AFC0017F8EB /* iOS-GeneralframeworkTests.xctest */ = {isa = PBXFileReference; explicitFileType = wrapper.cfbundle; includeInIndex = 0; path = "iOS-GeneralframeworkTests.xctest"; sourceTree = BUILT_PRODUCTS_DIR; };
		067EAD1A1EA34AFC0017F8EB /* iOS_GeneralframeworkTests.m */ = {isa = PBXFileReference; lastKnownFileType = sourcecode.c.objc; path = iOS_GeneralframeworkTests.m; sourceTree = "<group>"; };
		067EAD1C1EA34AFC0017F8EB /* Info.plist */ = {isa = PBXFileReference; lastKnownFileType = text.plist.xml; path = Info.plist; sourceTree = "<group>"; };
		067EAD211EA34AFC0017F8EB /* iOS-GeneralframeworkUITests.xctest */ = {isa = PBXFileReference; explicitFileType = wrapper.cfbundle; includeInIndex = 0; path = "iOS-GeneralframeworkUITests.xctest"; sourceTree = BUILT_PRODUCTS_DIR; };
		067EAD251EA34AFC0017F8EB /* iOS_GeneralframeworkUITests.m */ = {isa = PBXFileReference; lastKnownFileType = sourcecode.c.objc; path = iOS_GeneralframeworkUITests.m; sourceTree = "<group>"; };
		067EAD271EA34AFC0017F8EB /* Info.plist */ = {isa = PBXFileReference; lastKnownFileType = text.plist.xml; path = Info.plist; sourceTree = "<group>"; };
		067EAD411EA352300017F8EB /* NSString+Pinyin.h */ = {isa = PBXFileReference; fileEncoding = 4; lastKnownFileType = sourcecode.c.h; path = "NSString+Pinyin.h"; sourceTree = "<group>"; };
		067EAD421EA352300017F8EB /* NSString+Pinyin.m */ = {isa = PBXFileReference; fileEncoding = 4; lastKnownFileType = sourcecode.c.objc; path = "NSString+Pinyin.m"; sourceTree = "<group>"; };
		067EAD451EA352440017F8EB /* UIView+Frame.h */ = {isa = PBXFileReference; fileEncoding = 4; lastKnownFileType = sourcecode.c.h; path = "UIView+Frame.h"; sourceTree = "<group>"; };
		067EAD461EA352440017F8EB /* UIView+Frame.m */ = {isa = PBXFileReference; fileEncoding = 4; lastKnownFileType = sourcecode.c.objc; path = "UIView+Frame.m"; sourceTree = "<group>"; };
		067EAD481EA353EA0017F8EB /* UIView+Nib.h */ = {isa = PBXFileReference; fileEncoding = 4; lastKnownFileType = sourcecode.c.h; path = "UIView+Nib.h"; sourceTree = "<group>"; };
		067EAD491EA353EA0017F8EB /* UIView+Nib.m */ = {isa = PBXFileReference; fileEncoding = 4; lastKnownFileType = sourcecode.c.objc; path = "UIView+Nib.m"; sourceTree = "<group>"; };
		067EAD4B1EA3548F0017F8EB /* UIView+ViewController.h */ = {isa = PBXFileReference; fileEncoding = 4; lastKnownFileType = sourcecode.c.h; path = "UIView+ViewController.h"; sourceTree = "<group>"; };
		067EAD4C1EA3548F0017F8EB /* UIView+ViewController.m */ = {isa = PBXFileReference; fileEncoding = 4; lastKnownFileType = sourcecode.c.objc; path = "UIView+ViewController.m"; sourceTree = "<group>"; };
		067EAD4E1EA354BC0017F8EB /* UIColor+Hex.h */ = {isa = PBXFileReference; fileEncoding = 4; lastKnownFileType = sourcecode.c.h; path = "UIColor+Hex.h"; sourceTree = "<group>"; };
		067EAD4F1EA354BC0017F8EB /* UIColor+Hex.m */ = {isa = PBXFileReference; fileEncoding = 4; lastKnownFileType = sourcecode.c.objc; path = "UIColor+Hex.m"; sourceTree = "<group>"; };
		067EAD511EA355520017F8EB /* UIImage+Clip.h */ = {isa = PBXFileReference; fileEncoding = 4; lastKnownFileType = sourcecode.c.h; path = "UIImage+Clip.h"; sourceTree = "<group>"; };
		067EAD521EA355520017F8EB /* UIImage+Clip.m */ = {isa = PBXFileReference; fileEncoding = 4; lastKnownFileType = sourcecode.c.objc; path = "UIImage+Clip.m"; sourceTree = "<group>"; };
		067EAD541EA356310017F8EB /* UIImage+Color.h */ = {isa = PBXFileReference; fileEncoding = 4; lastKnownFileType = sourcecode.c.h; path = "UIImage+Color.h"; sourceTree = "<group>"; };
		067EAD551EA356310017F8EB /* UIImage+Color.m */ = {isa = PBXFileReference; fileEncoding = 4; lastKnownFileType = sourcecode.c.objc; path = "UIImage+Color.m"; sourceTree = "<group>"; };
		067EAD571EA356BE0017F8EB /* UIImage+Snap.h */ = {isa = PBXFileReference; fileEncoding = 4; lastKnownFileType = sourcecode.c.h; path = "UIImage+Snap.h"; sourceTree = "<group>"; };
		067EAD581EA356BE0017F8EB /* UIImage+Snap.m */ = {isa = PBXFileReference; fileEncoding = 4; lastKnownFileType = sourcecode.c.objc; path = "UIImage+Snap.m"; sourceTree = "<group>"; };
		067EAD5A1EA357250017F8EB /* UIImage+Launchimage.h */ = {isa = PBXFileReference; fileEncoding = 4; lastKnownFileType = sourcecode.c.h; path = "UIImage+Launchimage.h"; sourceTree = "<group>"; };
		067EAD5B1EA357250017F8EB /* UIImage+Launchimage.m */ = {isa = PBXFileReference; fileEncoding = 4; lastKnownFileType = sourcecode.c.objc; path = "UIImage+Launchimage.m"; sourceTree = "<group>"; };
		067EAD5F1EA357FD0017F8EB /* UIView+Gf.h */ = {isa = PBXFileReference; lastKnownFileType = sourcecode.c.h; path = "UIView+Gf.h"; sourceTree = "<group>"; };
		067EAD601EA3581F0017F8EB /* UIImage+Gf.h */ = {isa = PBXFileReference; lastKnownFileType = sourcecode.c.h; path = "UIImage+Gf.h"; sourceTree = "<group>"; };
		067EAD611EA358480017F8EB /* UIColor+Gf.h */ = {isa = PBXFileReference; lastKnownFileType = sourcecode.c.h; path = "UIColor+Gf.h"; sourceTree = "<group>"; };
		067EAD621EA358730017F8EB /* NSString+Base64.h */ = {isa = PBXFileReference; fileEncoding = 4; lastKnownFileType = sourcecode.c.h; path = "NSString+Base64.h"; sourceTree = "<group>"; };
		067EAD631EA358730017F8EB /* NSString+Base64.m */ = {isa = PBXFileReference; fileEncoding = 4; lastKnownFileType = sourcecode.c.objc; path = "NSString+Base64.m"; sourceTree = "<group>"; };
		067EAD651EA3590A0017F8EB /* NSString+Encrypt.h */ = {isa = PBXFileReference; fileEncoding = 4; lastKnownFileType = sourcecode.c.h; path = "NSString+Encrypt.h"; sourceTree = "<group>"; };
		067EAD661EA3590A0017F8EB /* NSString+Encrypt.m */ = {isa = PBXFileReference; fileEncoding = 4; lastKnownFileType = sourcecode.c.objc; path = "NSString+Encrypt.m"; sourceTree = "<group>"; };
		067EAD681EA359630017F8EB /* NSString+MD5.h */ = {isa = PBXFileReference; fileEncoding = 4; lastKnownFileType = sourcecode.c.h; path = "NSString+MD5.h"; sourceTree = "<group>"; };
		067EAD691EA359630017F8EB /* NSString+MD5.m */ = {isa = PBXFileReference; fileEncoding = 4; lastKnownFileType = sourcecode.c.objc; path = "NSString+MD5.m"; sourceTree = "<group>"; };
		067EAD6B1EA3599C0017F8EB /* NSString+Size.h */ = {isa = PBXFileReference; fileEncoding = 4; lastKnownFileType = sourcecode.c.h; path = "NSString+Size.h"; sourceTree = "<group>"; };
		067EAD6C1EA3599C0017F8EB /* NSString+Size.m */ = {isa = PBXFileReference; fileEncoding = 4; lastKnownFileType = sourcecode.c.objc; path = "NSString+Size.m"; sourceTree = "<group>"; };
		067EAD6E1EA359DD0017F8EB /* NSString+Gf.h */ = {isa = PBXFileReference; lastKnownFileType = sourcecode.c.h; path = "NSString+Gf.h"; sourceTree = "<group>"; };
		067EAD701EA35A240017F8EB /* NSData+Base64.h */ = {isa = PBXFileReference; fileEncoding = 4; lastKnownFileType = sourcecode.c.h; path = "NSData+Base64.h"; sourceTree = "<group>"; };
		067EAD711EA35A240017F8EB /* NSData+Base64.m */ = {isa = PBXFileReference; fileEncoding = 4; lastKnownFileType = sourcecode.c.objc; path = "NSData+Base64.m"; sourceTree = "<group>"; };
		067EAD731EA35A530017F8EB /* NSData+Encrypt.h */ = {isa = PBXFileReference; fileEncoding = 4; lastKnownFileType = sourcecode.c.h; path = "NSData+Encrypt.h"; sourceTree = "<group>"; };
		067EAD741EA35A530017F8EB /* NSData+Encrypt.m */ = {isa = PBXFileReference; fileEncoding = 4; lastKnownFileType = sourcecode.c.objc; path = "NSData+Encrypt.m"; sourceTree = "<group>"; };
		067EAD761EA35AB30017F8EB /* NSData+Gf.h */ = {isa = PBXFileReference; lastKnownFileType = sourcecode.c.h; path = "NSData+Gf.h"; sourceTree = "<group>"; };
		067EAD771EA35B4D0017F8EB /* NSDate+Convert.h */ = {isa = PBXFileReference; fileEncoding = 4; lastKnownFileType = sourcecode.c.h; path = "NSDate+Convert.h"; sourceTree = "<group>"; };
		067EAD781EA35B4D0017F8EB /* NSDate+Convert.m */ = {isa = PBXFileReference; fileEncoding = 4; lastKnownFileType = sourcecode.c.objc; path = "NSDate+Convert.m"; sourceTree = "<group>"; };
		067EAD7A1EA35CD30017F8EB /* NSString+Date.h */ = {isa = PBXFileReference; fileEncoding = 4; lastKnownFileType = sourcecode.c.h; path = "NSString+Date.h"; sourceTree = "<group>"; };
		067EAD7B1EA35CD30017F8EB /* NSString+Date.m */ = {isa = PBXFileReference; fileEncoding = 4; lastKnownFileType = sourcecode.c.objc; path = "NSString+Date.m"; sourceTree = "<group>"; };
		067EAD7D1EA35FBA0017F8EB /* NSDate+Gf.h */ = {isa = PBXFileReference; lastKnownFileType = sourcecode.c.h; path = "NSDate+Gf.h"; sourceTree = "<group>"; };
		067EAD7E1EA3603E0017F8EB /* UIButton+Highlight.h */ = {isa = PBXFileReference; fileEncoding = 4; lastKnownFileType = sourcecode.c.h; path = "UIButton+Highlight.h"; sourceTree = "<group>"; };
		067EAD7F1EA3603E0017F8EB /* UIButton+Highlight.m */ = {isa = PBXFileReference; fileEncoding = 4; lastKnownFileType = sourcecode.c.objc; path = "UIButton+Highlight.m"; sourceTree = "<group>"; };
		069374131EA606AB004E1226 /* GFEffectView.h */ = {isa = PBXFileReference; fileEncoding = 4; lastKnownFileType = sourcecode.c.h; path = GFEffectView.h; sourceTree = "<group>"; };
		069374141EA606AB004E1226 /* GFEffectView.m */ = {isa = PBXFileReference; fileEncoding = 4; lastKnownFileType = sourcecode.c.objc; path = GFEffectView.m; sourceTree = "<group>"; };
		069374151EA606AB004E1226 /* GFToast.h */ = {isa = PBXFileReference; fileEncoding = 4; lastKnownFileType = sourcecode.c.h; path = GFToast.h; sourceTree = "<group>"; };
		069374161EA606AB004E1226 /* GFToast.m */ = {isa = PBXFileReference; fileEncoding = 4; lastKnownFileType = sourcecode.c.objc; path = GFToast.m; sourceTree = "<group>"; };
		06AA381D1EA49DC50004339C /* UIButton+Gf.h */ = {isa = PBXFileReference; lastKnownFileType = sourcecode.c.h; path = "UIButton+Gf.h"; sourceTree = "<group>"; };
		06ADFE7E1EA4A60D00D7708B /* GF_Headers.h */ = {isa = PBXFileReference; fileEncoding = 4; lastKnownFileType = sourcecode.c.h; path = GF_Headers.h; sourceTree = "<group>"; };
		06ADFE7F1EA4A60D00D7708B /* GF_Macros.h */ = {isa = PBXFileReference; fileEncoding = 4; lastKnownFileType = sourcecode.c.h; path = GF_Macros.h; sourceTree = "<group>"; };
		06ADFE801EA4A60D00D7708B /* GF_Tools.h */ = {isa = PBXFileReference; fileEncoding = 4; lastKnownFileType = sourcecode.c.h; path = GF_Tools.h; sourceTree = "<group>"; };
		06ADFE811EA4A60D00D7708B /* GF_Tools.m */ = {isa = PBXFileReference; fileEncoding = 4; lastKnownFileType = sourcecode.c.objc; path = GF_Tools.m; sourceTree = "<group>"; };
		06ADFE841EA4A70300D7708B /* GFDeviceUtil.h */ = {isa = PBXFileReference; fileEncoding = 4; lastKnownFileType = sourcecode.c.h; path = GFDeviceUtil.h; sourceTree = "<group>"; };
		06ADFE851EA4A70300D7708B /* GFDeviceUtil.m */ = {isa = PBXFileReference; fileEncoding = 4; lastKnownFileType = sourcecode.c.objc; path = GFDeviceUtil.m; sourceTree = "<group>"; };
		06ADFE871EA4AE9100D7708B /* Utils_Gf.h */ = {isa = PBXFileReference; lastKnownFileType = sourcecode.c.h; path = Utils_Gf.h; sourceTree = "<group>"; };
		1EC4CCF7F506064FBA06E50E /* Pods-iOS-Generalframework.debug.xcconfig */ = {isa = PBXFileReference; includeInIndex = 1; lastKnownFileType = text.xcconfig; name = "Pods-iOS-Generalframework.debug.xcconfig"; path = "Pods/Target Support Files/Pods-iOS-Generalframework/Pods-iOS-Generalframework.debug.xcconfig"; sourceTree = "<group>"; };
		518F4F775C90F94CEF81712B /* Pods-iOS-Generalframework.release.xcconfig */ = {isa = PBXFileReference; includeInIndex = 1; lastKnownFileType = text.xcconfig; name = "Pods-iOS-Generalframework.release.xcconfig"; path = "Pods/Target Support Files/Pods-iOS-Generalframework/Pods-iOS-Generalframework.release.xcconfig"; sourceTree = "<group>"; };
		5232D9DCEFA2B3E43AE3FE48 /* libPods-iOS-Generalframework.a */ = {isa = PBXFileReference; explicitFileType = archive.ar; includeInIndex = 0; path = "libPods-iOS-Generalframework.a"; sourceTree = BUILT_PRODUCTS_DIR; };
/* End PBXFileReference section */

/* Begin PBXFrameworksBuildPhase section */
		067EACFA1EA34AFC0017F8EB /* Frameworks */ = {
			isa = PBXFrameworksBuildPhase;
			buildActionMask = 2147483647;
			files = (
				49593409FAC72119D97630B9 /* libPods-iOS-Generalframework.a in Frameworks */,
			);
			runOnlyForDeploymentPostprocessing = 0;
		};
		067EAD131EA34AFC0017F8EB /* Frameworks */ = {
			isa = PBXFrameworksBuildPhase;
			buildActionMask = 2147483647;
			files = (
			);
			runOnlyForDeploymentPostprocessing = 0;
		};
		067EAD1E1EA34AFC0017F8EB /* Frameworks */ = {
			isa = PBXFrameworksBuildPhase;
			buildActionMask = 2147483647;
			files = (
			);
			runOnlyForDeploymentPostprocessing = 0;
		};
/* End PBXFrameworksBuildPhase section */

/* Begin PBXGroup section */
		067EACF41EA34AFC0017F8EB = {
			isa = PBXGroup;
			children = (
				067EACFF1EA34AFC0017F8EB /* iOS-Generalframework */,
				067EAD191EA34AFC0017F8EB /* iOS-GeneralframeworkTests */,
				067EAD241EA34AFC0017F8EB /* iOS-GeneralframeworkUITests */,
				067EACFE1EA34AFC0017F8EB /* Products */,
				82F46CCF05E1AD41A0846CEE /* Pods */,
				E9794BB83A2A9AC125268678 /* Frameworks */,
			);
			sourceTree = "<group>";
		};
		067EACFE1EA34AFC0017F8EB /* Products */ = {
			isa = PBXGroup;
			children = (
				067EACFD1EA34AFC0017F8EB /* iOS-Generalframework.app */,
				067EAD161EA34AFC0017F8EB /* iOS-GeneralframeworkTests.xctest */,
				067EAD211EA34AFC0017F8EB /* iOS-GeneralframeworkUITests.xctest */,
			);
			name = Products;
			sourceTree = "<group>";
		};
		067EACFF1EA34AFC0017F8EB /* iOS-Generalframework */ = {
			isa = PBXGroup;
			children = (
				067EAD031EA34AFC0017F8EB /* AppDelegate.h */,
				067EAD041EA34AFC0017F8EB /* AppDelegate.m */,
				067EAD061EA34AFC0017F8EB /* ViewController.h */,
				067EAD071EA34AFC0017F8EB /* ViewController.m */,
				069374101EA606AB004E1226 /* Media Resources(图片、音乐、本地plist等) */,
				069374111EA606AB004E1226 /* Modules(模块实现，与业务强相关) */,
				069374121EA606AB004E1226 /* Vender(第三方、自定义与业务无关组件等) */,
				067EAD331EA351530017F8EB /* Foundation(系统抽离) */,
				067EAD001EA34AFC0017F8EB /* Supporting Files */,
			);
			path = "iOS-Generalframework";
			sourceTree = "<group>";
		};
		067EAD001EA34AFC0017F8EB /* Supporting Files */ = {
			isa = PBXGroup;
			children = (
				067EAD091EA34AFC0017F8EB /* Main.storyboard */,
				067EAD0C1EA34AFC0017F8EB /* Assets.xcassets */,
				067EAD0E1EA34AFC0017F8EB /* LaunchScreen.storyboard */,
				067EAD111EA34AFC0017F8EB /* Info.plist */,
				067EAD011EA34AFC0017F8EB /* main.m */,
			);
			name = "Supporting Files";
			sourceTree = "<group>";
		};
		067EAD191EA34AFC0017F8EB /* iOS-GeneralframeworkTests */ = {
			isa = PBXGroup;
			children = (
				067EAD1A1EA34AFC0017F8EB /* iOS_GeneralframeworkTests.m */,
				067EAD1C1EA34AFC0017F8EB /* Info.plist */,
			);
			path = "iOS-GeneralframeworkTests";
			sourceTree = "<group>";
		};
		067EAD241EA34AFC0017F8EB /* iOS-GeneralframeworkUITests */ = {
			isa = PBXGroup;
			children = (
				067EAD251EA34AFC0017F8EB /* iOS_GeneralframeworkUITests.m */,
				067EAD271EA34AFC0017F8EB /* Info.plist */,
			);
			path = "iOS-GeneralframeworkUITests";
			sourceTree = "<group>";
		};
		067EAD331EA351530017F8EB /* Foundation(系统抽离) */ = {
			isa = PBXGroup;
			children = (
				06ADFE831EA4A67100D7708B /* Utils */,
				06ADFE7D1EA4A60D00D7708B /* Header */,
				067EAD341EA351530017F8EB /* Category */,
			);
			path = "Foundation(系统抽离)";
			sourceTree = "<group>";
		};
		067EAD341EA351530017F8EB /* Category */ = {
			isa = PBXGroup;
			children = (
				067EAD6F1EA35A160017F8EB /* NSData */,
				067EAD3F1EA352300017F8EB /* NSDate */,
				067EAD401EA352300017F8EB /* NSString */,
				067EAD431EA352300017F8EB /* UIColor */,
				067EAD3C1EA352170017F8EB /* UIButton */,
				067EAD3D1EA352170017F8EB /* UIImage */,
				067EAD3E1EA352170017F8EB /* UIView */,
			);
			path = Category;
			sourceTree = "<group>";
		};
		067EAD3C1EA352170017F8EB /* UIButton */ = {
			isa = PBXGroup;
			children = (
				06AA381D1EA49DC50004339C /* UIButton+Gf.h */,
				067EAD7E1EA3603E0017F8EB /* UIButton+Highlight.h */,
				067EAD7F1EA3603E0017F8EB /* UIButton+Highlight.m */,
			);
			path = UIButton;
			sourceTree = "<group>";
		};
		067EAD3D1EA352170017F8EB /* UIImage */ = {
			isa = PBXGroup;
			children = (
				067EAD601EA3581F0017F8EB /* UIImage+Gf.h */,
				067EAD511EA355520017F8EB /* UIImage+Clip.h */,
				067EAD521EA355520017F8EB /* UIImage+Clip.m */,
				067EAD541EA356310017F8EB /* UIImage+Color.h */,
				067EAD551EA356310017F8EB /* UIImage+Color.m */,
				067EAD571EA356BE0017F8EB /* UIImage+Snap.h */,
				067EAD581EA356BE0017F8EB /* UIImage+Snap.m */,
				067EAD5A1EA357250017F8EB /* UIImage+Launchimage.h */,
				067EAD5B1EA357250017F8EB /* UIImage+Launchimage.m */,
			);
			path = UIImage;
			sourceTree = "<group>";
		};
		067EAD3E1EA352170017F8EB /* UIView */ = {
			isa = PBXGroup;
			children = (
				067EAD5F1EA357FD0017F8EB /* UIView+Gf.h */,
				067EAD451EA352440017F8EB /* UIView+Frame.h */,
				067EAD461EA352440017F8EB /* UIView+Frame.m */,
				067EAD481EA353EA0017F8EB /* UIView+Nib.h */,
				067EAD491EA353EA0017F8EB /* UIView+Nib.m */,
				067EAD4B1EA3548F0017F8EB /* UIView+ViewController.h */,
				067EAD4C1EA3548F0017F8EB /* UIView+ViewController.m */,
			);
			path = UIView;
			sourceTree = "<group>";
		};
		067EAD3F1EA352300017F8EB /* NSDate */ = {
			isa = PBXGroup;
			children = (
				067EAD7D1EA35FBA0017F8EB /* NSDate+Gf.h */,
				067EAD771EA35B4D0017F8EB /* NSDate+Convert.h */,
				067EAD781EA35B4D0017F8EB /* NSDate+Convert.m */,
			);
			path = NSDate;
			sourceTree = "<group>";
		};
		067EAD401EA352300017F8EB /* NSString */ = {
			isa = PBXGroup;
			children = (
				067EAD6E1EA359DD0017F8EB /* NSString+Gf.h */,
				067EAD411EA352300017F8EB /* NSString+Pinyin.h */,
				067EAD421EA352300017F8EB /* NSString+Pinyin.m */,
				067EAD621EA358730017F8EB /* NSString+Base64.h */,
				067EAD631EA358730017F8EB /* NSString+Base64.m */,
				067EAD651EA3590A0017F8EB /* NSString+Encrypt.h */,
				067EAD661EA3590A0017F8EB /* NSString+Encrypt.m */,
				067EAD681EA359630017F8EB /* NSString+MD5.h */,
				067EAD691EA359630017F8EB /* NSString+MD5.m */,
				067EAD6B1EA3599C0017F8EB /* NSString+Size.h */,
				067EAD6C1EA3599C0017F8EB /* NSString+Size.m */,
				067EAD7A1EA35CD30017F8EB /* NSString+Date.h */,
				067EAD7B1EA35CD30017F8EB /* NSString+Date.m */,
			);
			path = NSString;
			sourceTree = "<group>";
		};
		067EAD431EA352300017F8EB /* UIColor */ = {
			isa = PBXGroup;
			children = (
				067EAD611EA358480017F8EB /* UIColor+Gf.h */,
				067EAD4E1EA354BC0017F8EB /* UIColor+Hex.h */,
				067EAD4F1EA354BC0017F8EB /* UIColor+Hex.m */,
			);
			path = UIColor;
			sourceTree = "<group>";
		};
		067EAD6F1EA35A160017F8EB /* NSData */ = {
			isa = PBXGroup;
			children = (
				067EAD761EA35AB30017F8EB /* NSData+Gf.h */,
				067EAD701EA35A240017F8EB /* NSData+Base64.h */,
				067EAD711EA35A240017F8EB /* NSData+Base64.m */,
				067EAD731EA35A530017F8EB /* NSData+Encrypt.h */,
				067EAD741EA35A530017F8EB /* NSData+Encrypt.m */,
			);
			path = NSData;
			sourceTree = "<group>";
		};
		069374101EA606AB004E1226 /* Media Resources(图片、音乐、本地plist等) */ = {
			isa = PBXGroup;
			children = (
				0693741B1EA606E4004E1226 /* Video */,
				069374191EA606D8004E1226 /* IMG */,
				0693741A1EA606D8004E1226 /* Sound */,
			);
			path = "Media Resources(图片、音乐、本地plist等)";
			sourceTree = "<group>";
		};
		069374111EA606AB004E1226 /* Modules(模块实现，与业务强相关) */ = {
			isa = PBXGroup;
			children = (
			);
			path = "Modules(模块实现，与业务强相关)";
			sourceTree = "<group>";
		};
		069374121EA606AB004E1226 /* Vender(第三方、自定义与业务无关组件等) */ = {
			isa = PBXGroup;
			children = (
				069374131EA606AB004E1226 /* GFEffectView.h */,
				069374141EA606AB004E1226 /* GFEffectView.m */,
				069374151EA606AB004E1226 /* GFToast.h */,
				069374161EA606AB004E1226 /* GFToast.m */,
			);
			path = "Vender(第三方、自定义与业务无关组件等)";
			sourceTree = "<group>";
		};
		069374191EA606D8004E1226 /* IMG */ = {
			isa = PBXGroup;
			children = (
			);
			path = IMG;
			sourceTree = "<group>";
		};
		0693741A1EA606D8004E1226 /* Sound */ = {
			isa = PBXGroup;
			children = (
			);
			path = Sound;
			sourceTree = "<group>";
		};
		0693741B1EA606E4004E1226 /* Video */ = {
			isa = PBXGroup;
			children = (
			);
			path = Video;
			sourceTree = "<group>";
		};
		06ADFE7D1EA4A60D00D7708B /* Header */ = {
			isa = PBXGroup;
			children = (
				06ADFE7E1EA4A60D00D7708B /* GF_Headers.h */,
				06ADFE7F1EA4A60D00D7708B /* GF_Macros.h */,
				06ADFE801EA4A60D00D7708B /* GF_Tools.h */,
				06ADFE811EA4A60D00D7708B /* GF_Tools.m */,
			);
			path = Header;
			sourceTree = "<group>";
		};
		06ADFE831EA4A67100D7708B /* Utils */ = {
			isa = PBXGroup;
			children = (
				06ADFE871EA4AE9100D7708B /* Utils_Gf.h */,
				06ADFE841EA4A70300D7708B /* GFDeviceUtil.h */,
				06ADFE851EA4A70300D7708B /* GFDeviceUtil.m */,
			);
			path = Utils;
			sourceTree = "<group>";
		};
		82F46CCF05E1AD41A0846CEE /* Pods */ = {
			isa = PBXGroup;
			children = (
				1EC4CCF7F506064FBA06E50E /* Pods-iOS-Generalframework.debug.xcconfig */,
				518F4F775C90F94CEF81712B /* Pods-iOS-Generalframework.release.xcconfig */,
			);
			name = Pods;
			sourceTree = "<group>";
		};
		E9794BB83A2A9AC125268678 /* Frameworks */ = {
			isa = PBXGroup;
			children = (
				5232D9DCEFA2B3E43AE3FE48 /* libPods-iOS-Generalframework.a */,
			);
			name = Frameworks;
			sourceTree = "<group>";
		};
/* End PBXGroup section */

/* Begin PBXNativeTarget section */
		067EACFC1EA34AFC0017F8EB /* iOS-Generalframework */ = {
			isa = PBXNativeTarget;
			buildConfigurationList = 067EAD2A1EA34AFC0017F8EB /* Build configuration list for PBXNativeTarget "iOS-Generalframework" */;
			buildPhases = (
				383FC3BC69FDEF57FAD1FFC8 /* [CP] Check Pods Manifest.lock */,
				067EACF91EA34AFC0017F8EB /* Sources */,
				067EACFA1EA34AFC0017F8EB /* Frameworks */,
				067EACFB1EA34AFC0017F8EB /* Resources */,
				CA89DAAE0696DABFAE653488 /* [CP] Embed Pods Frameworks */,
				591260B83BF44A26D5390A41 /* [CP] Copy Pods Resources */,
			);
			buildRules = (
			);
			dependencies = (
			);
			name = "iOS-Generalframework";
			productName = "iOS-Generalframework";
			productReference = 067EACFD1EA34AFC0017F8EB /* iOS-Generalframework.app */;
			productType = "com.apple.product-type.application";
		};
		067EAD151EA34AFC0017F8EB /* iOS-GeneralframeworkTests */ = {
			isa = PBXNativeTarget;
			buildConfigurationList = 067EAD2D1EA34AFC0017F8EB /* Build configuration list for PBXNativeTarget "iOS-GeneralframeworkTests" */;
			buildPhases = (
				067EAD121EA34AFC0017F8EB /* Sources */,
				067EAD131EA34AFC0017F8EB /* Frameworks */,
				067EAD141EA34AFC0017F8EB /* Resources */,
			);
			buildRules = (
			);
			dependencies = (
				067EAD181EA34AFC0017F8EB /* PBXTargetDependency */,
			);
			name = "iOS-GeneralframeworkTests";
			productName = "iOS-GeneralframeworkTests";
			productReference = 067EAD161EA34AFC0017F8EB /* iOS-GeneralframeworkTests.xctest */;
			productType = "com.apple.product-type.bundle.unit-test";
		};
		067EAD201EA34AFC0017F8EB /* iOS-GeneralframeworkUITests */ = {
			isa = PBXNativeTarget;
			buildConfigurationList = 067EAD301EA34AFC0017F8EB /* Build configuration list for PBXNativeTarget "iOS-GeneralframeworkUITests" */;
			buildPhases = (
				067EAD1D1EA34AFC0017F8EB /* Sources */,
				067EAD1E1EA34AFC0017F8EB /* Frameworks */,
				067EAD1F1EA34AFC0017F8EB /* Resources */,
			);
			buildRules = (
			);
			dependencies = (
				067EAD231EA34AFC0017F8EB /* PBXTargetDependency */,
			);
			name = "iOS-GeneralframeworkUITests";
			productName = "iOS-GeneralframeworkUITests";
			productReference = 067EAD211EA34AFC0017F8EB /* iOS-GeneralframeworkUITests.xctest */;
			productType = "com.apple.product-type.bundle.ui-testing";
		};
/* End PBXNativeTarget section */

/* Begin PBXProject section */
		067EACF51EA34AFC0017F8EB /* Project object */ = {
			isa = PBXProject;
			attributes = {
				LastUpgradeCheck = 0820;
				ORGANIZATIONNAME = xyx;
				TargetAttributes = {
					067EACFC1EA34AFC0017F8EB = {
						CreatedOnToolsVersion = 8.2.1;
						DevelopmentTeam = KE9J58DYLQ;
						ProvisioningStyle = Automatic;
					};
					067EAD151EA34AFC0017F8EB = {
						CreatedOnToolsVersion = 8.2.1;
						ProvisioningStyle = Automatic;
						TestTargetID = 067EACFC1EA34AFC0017F8EB;
					};
					067EAD201EA34AFC0017F8EB = {
						CreatedOnToolsVersion = 8.2.1;
						ProvisioningStyle = Automatic;
						TestTargetID = 067EACFC1EA34AFC0017F8EB;
					};
				};
			};
			buildConfigurationList = 067EACF81EA34AFC0017F8EB /* Build configuration list for PBXProject "iOS-Generalframework" */;
			compatibilityVersion = "Xcode 3.2";
			developmentRegion = English;
			hasScannedForEncodings = 0;
			knownRegions = (
				en,
				Base,
			);
			mainGroup = 067EACF41EA34AFC0017F8EB;
			productRefGroup = 067EACFE1EA34AFC0017F8EB /* Products */;
			projectDirPath = "";
			projectRoot = "";
			targets = (
				067EACFC1EA34AFC0017F8EB /* iOS-Generalframework */,
				067EAD151EA34AFC0017F8EB /* iOS-GeneralframeworkTests */,
				067EAD201EA34AFC0017F8EB /* iOS-GeneralframeworkUITests */,
			);
		};
/* End PBXProject section */

/* Begin PBXResourcesBuildPhase section */
		067EACFB1EA34AFC0017F8EB /* Resources */ = {
			isa = PBXResourcesBuildPhase;
			buildActionMask = 2147483647;
			files = (
				067EAD101EA34AFC0017F8EB /* LaunchScreen.storyboard in Resources */,
				067EAD0D1EA34AFC0017F8EB /* Assets.xcassets in Resources */,
				067EAD0B1EA34AFC0017F8EB /* Main.storyboard in Resources */,
			);
			runOnlyForDeploymentPostprocessing = 0;
		};
		067EAD141EA34AFC0017F8EB /* Resources */ = {
			isa = PBXResourcesBuildPhase;
			buildActionMask = 2147483647;
			files = (
			);
			runOnlyForDeploymentPostprocessing = 0;
		};
		067EAD1F1EA34AFC0017F8EB /* Resources */ = {
			isa = PBXResourcesBuildPhase;
			buildActionMask = 2147483647;
			files = (
			);
			runOnlyForDeploymentPostprocessing = 0;
		};
/* End PBXResourcesBuildPhase section */

/* Begin PBXShellScriptBuildPhase section */
		383FC3BC69FDEF57FAD1FFC8 /* [CP] Check Pods Manifest.lock */ = {
			isa = PBXShellScriptBuildPhase;
			buildActionMask = 2147483647;
			files = (
			);
			inputPaths = (
			);
			name = "[CP] Check Pods Manifest.lock";
			outputPaths = (
			);
			runOnlyForDeploymentPostprocessing = 0;
			shellPath = /bin/sh;
			shellScript = "diff \"${PODS_ROOT}/../Podfile.lock\" \"${PODS_ROOT}/Manifest.lock\" > /dev/null\nif [ $? != 0 ] ; then\n    # print error to STDERR\n    echo \"error: The sandbox is not in sync with the Podfile.lock. Run 'pod install' or update your CocoaPods installation.\" >&2\n    exit 1\nfi\n";
			showEnvVarsInLog = 0;
		};
		591260B83BF44A26D5390A41 /* [CP] Copy Pods Resources */ = {
			isa = PBXShellScriptBuildPhase;
			buildActionMask = 2147483647;
			files = (
			);
			inputPaths = (
			);
			name = "[CP] Copy Pods Resources";
			outputPaths = (
			);
			runOnlyForDeploymentPostprocessing = 0;
			shellPath = /bin/sh;
			shellScript = "\"${SRCROOT}/Pods/Target Support Files/Pods-iOS-Generalframework/Pods-iOS-Generalframework-resources.sh\"\n";
			showEnvVarsInLog = 0;
		};
		CA89DAAE0696DABFAE653488 /* [CP] Embed Pods Frameworks */ = {
			isa = PBXShellScriptBuildPhase;
			buildActionMask = 2147483647;
			files = (
			);
			inputPaths = (
			);
			name = "[CP] Embed Pods Frameworks";
			outputPaths = (
			);
			runOnlyForDeploymentPostprocessing = 0;
			shellPath = /bin/sh;
			shellScript = "\"${SRCROOT}/Pods/Target Support Files/Pods-iOS-Generalframework/Pods-iOS-Generalframework-frameworks.sh\"\n";
			showEnvVarsInLog = 0;
		};
/* End PBXShellScriptBuildPhase section */

/* Begin PBXSourcesBuildPhase section */
		067EACF91EA34AFC0017F8EB /* Sources */ = {
			isa = PBXSourcesBuildPhase;
			buildActionMask = 2147483647;
			files = (
				067EAD641EA358730017F8EB /* NSString+Base64.m in Sources */,
				067EAD531EA355520017F8EB /* UIImage+Clip.m in Sources */,
				067EAD801EA3603E0017F8EB /* UIButton+Highlight.m in Sources */,
				067EAD081EA34AFC0017F8EB /* ViewController.m in Sources */,
				067EAD4D1EA3548F0017F8EB /* UIView+ViewController.m in Sources */,
				067EAD721EA35A240017F8EB /* NSData+Base64.m in Sources */,
				067EAD051EA34AFC0017F8EB /* AppDelegate.m in Sources */,
				067EAD4A1EA353EA0017F8EB /* UIView+Nib.m in Sources */,
				06ADFE821EA4A60D00D7708B /* GF_Tools.m in Sources */,
				067EAD441EA352300017F8EB /* NSString+Pinyin.m in Sources */,
				069374181EA606AB004E1226 /* GFToast.m in Sources */,
				06ADFE861EA4A70300D7708B /* GFDeviceUtil.m in Sources */,
				067EAD501EA354BC0017F8EB /* UIColor+Hex.m in Sources */,
				067EAD6D1EA3599C0017F8EB /* NSString+Size.m in Sources */,
				067EAD791EA35B4D0017F8EB /* NSDate+Convert.m in Sources */,
				067EAD561EA356310017F8EB /* UIImage+Color.m in Sources */,
				067EAD471EA352440017F8EB /* UIView+Frame.m in Sources */,
				067EAD591EA356BE0017F8EB /* UIImage+Snap.m in Sources */,
				067EAD5C1EA357250017F8EB /* UIImage+Launchimage.m in Sources */,
				067EAD7C1EA35CD30017F8EB /* NSString+Date.m in Sources */,
				067EAD6A1EA359630017F8EB /* NSString+MD5.m in Sources */,
				067EAD021EA34AFC0017F8EB /* main.m in Sources */,
				067EAD751EA35A530017F8EB /* NSData+Encrypt.m in Sources */,
				069374171EA606AB004E1226 /* GFEffectView.m in Sources */,
				067EAD671EA3590A0017F8EB /* NSString+Encrypt.m in Sources */,
			);
			runOnlyForDeploymentPostprocessing = 0;
		};
		067EAD121EA34AFC0017F8EB /* Sources */ = {
			isa = PBXSourcesBuildPhase;
			buildActionMask = 2147483647;
			files = (
				067EAD1B1EA34AFC0017F8EB /* iOS_GeneralframeworkTests.m in Sources */,
			);
			runOnlyForDeploymentPostprocessing = 0;
		};
		067EAD1D1EA34AFC0017F8EB /* Sources */ = {
			isa = PBXSourcesBuildPhase;
			buildActionMask = 2147483647;
			files = (
				067EAD261EA34AFC0017F8EB /* iOS_GeneralframeworkUITests.m in Sources */,
			);
			runOnlyForDeploymentPostprocessing = 0;
		};
/* End PBXSourcesBuildPhase section */

/* Begin PBXTargetDependency section */
		067EAD181EA34AFC0017F8EB /* PBXTargetDependency */ = {
			isa = PBXTargetDependency;
			target = 067EACFC1EA34AFC0017F8EB /* iOS-Generalframework */;
			targetProxy = 067EAD171EA34AFC0017F8EB /* PBXContainerItemProxy */;
		};
		067EAD231EA34AFC0017F8EB /* PBXTargetDependency */ = {
			isa = PBXTargetDependency;
			target = 067EACFC1EA34AFC0017F8EB /* iOS-Generalframework */;
			targetProxy = 067EAD221EA34AFC0017F8EB /* PBXContainerItemProxy */;
		};
/* End PBXTargetDependency section */

/* Begin PBXVariantGroup section */
		067EAD091EA34AFC0017F8EB /* Main.storyboard */ = {
			isa = PBXVariantGroup;
			children = (
				067EAD0A1EA34AFC0017F8EB /* Base */,
			);
			name = Main.storyboard;
			sourceTree = "<group>";
		};
		067EAD0E1EA34AFC0017F8EB /* LaunchScreen.storyboard */ = {
			isa = PBXVariantGroup;
			children = (
				067EAD0F1EA34AFC0017F8EB /* Base */,
			);
			name = LaunchScreen.storyboard;
			sourceTree = "<group>";
		};
/* End PBXVariantGroup section */

/* Begin XCBuildConfiguration section */
		067EAD281EA34AFC0017F8EB /* Debug */ = {
			isa = XCBuildConfiguration;
			buildSettings = {
				ALWAYS_SEARCH_USER_PATHS = NO;
				CLANG_ANALYZER_NONNULL = YES;
				CLANG_CXX_LANGUAGE_STANDARD = "gnu++0x";
				CLANG_CXX_LIBRARY = "libc++";
				CLANG_ENABLE_MODULES = YES;
				CLANG_ENABLE_OBJC_ARC = YES;
				CLANG_WARN_BOOL_CONVERSION = YES;
				CLANG_WARN_CONSTANT_CONVERSION = YES;
				CLANG_WARN_DIRECT_OBJC_ISA_USAGE = YES_ERROR;
				CLANG_WARN_DOCUMENTATION_COMMENTS = YES;
				CLANG_WARN_EMPTY_BODY = YES;
				CLANG_WARN_ENUM_CONVERSION = YES;
				CLANG_WARN_INFINITE_RECURSION = YES;
				CLANG_WARN_INT_CONVERSION = YES;
				CLANG_WARN_OBJC_ROOT_CLASS = YES_ERROR;
				CLANG_WARN_SUSPICIOUS_MOVE = YES;
				CLANG_WARN_UNREACHABLE_CODE = YES;
				CLANG_WARN__DUPLICATE_METHOD_MATCH = YES;
				"CODE_SIGN_IDENTITY[sdk=iphoneos*]" = "iPhone Developer";
				COPY_PHASE_STRIP = NO;
				DEBUG_INFORMATION_FORMAT = dwarf;
				ENABLE_STRICT_OBJC_MSGSEND = YES;
				ENABLE_TESTABILITY = YES;
				GCC_C_LANGUAGE_STANDARD = gnu99;
				GCC_DYNAMIC_NO_PIC = NO;
				GCC_NO_COMMON_BLOCKS = YES;
				GCC_OPTIMIZATION_LEVEL = 0;
				GCC_PREPROCESSOR_DEFINITIONS = (
					"DEBUG=1",
					"$(inherited)",
				);
				GCC_WARN_64_TO_32_BIT_CONVERSION = YES;
				GCC_WARN_ABOUT_RETURN_TYPE = YES_ERROR;
				GCC_WARN_UNDECLARED_SELECTOR = YES;
				GCC_WARN_UNINITIALIZED_AUTOS = YES_AGGRESSIVE;
				GCC_WARN_UNUSED_FUNCTION = YES;
				GCC_WARN_UNUSED_VARIABLE = YES;
				IPHONEOS_DEPLOYMENT_TARGET = 10.2;
				MTL_ENABLE_DEBUG_INFO = YES;
				ONLY_ACTIVE_ARCH = YES;
				SDKROOT = iphoneos;
			};
			name = Debug;
		};
		067EAD291EA34AFC0017F8EB /* Release */ = {
			isa = XCBuildConfiguration;
			buildSettings = {
				ALWAYS_SEARCH_USER_PATHS = NO;
				CLANG_ANALYZER_NONNULL = YES;
				CLANG_CXX_LANGUAGE_STANDARD = "gnu++0x";
				CLANG_CXX_LIBRARY = "libc++";
				CLANG_ENABLE_MODULES = YES;
				CLANG_ENABLE_OBJC_ARC = YES;
				CLANG_WARN_BOOL_CONVERSION = YES;
				CLANG_WARN_CONSTANT_CONVERSION = YES;
				CLANG_WARN_DIRECT_OBJC_ISA_USAGE = YES_ERROR;
				CLANG_WARN_DOCUMENTATION_COMMENTS = YES;
				CLANG_WARN_EMPTY_BODY = YES;
				CLANG_WARN_ENUM_CONVERSION = YES;
				CLANG_WARN_INFINITE_RECURSION = YES;
				CLANG_WARN_INT_CONVERSION = YES;
				CLANG_WARN_OBJC_ROOT_CLASS = YES_ERROR;
				CLANG_WARN_SUSPICIOUS_MOVE = YES;
				CLANG_WARN_UNREACHABLE_CODE = YES;
				CLANG_WARN__DUPLICATE_METHOD_MATCH = YES;
				"CODE_SIGN_IDENTITY[sdk=iphoneos*]" = "iPhone Developer";
				COPY_PHASE_STRIP = NO;
				DEBUG_INFORMATION_FORMAT = "dwarf-with-dsym";
				ENABLE_NS_ASSERTIONS = NO;
				ENABLE_STRICT_OBJC_MSGSEND = YES;
				GCC_C_LANGUAGE_STANDARD = gnu99;
				GCC_NO_COMMON_BLOCKS = YES;
				GCC_WARN_64_TO_32_BIT_CONVERSION = YES;
				GCC_WARN_ABOUT_RETURN_TYPE = YES_ERROR;
				GCC_WARN_UNDECLARED_SELECTOR = YES;
				GCC_WARN_UNINITIALIZED_AUTOS = YES_AGGRESSIVE;
				GCC_WARN_UNUSED_FUNCTION = YES;
				GCC_WARN_UNUSED_VARIABLE = YES;
				IPHONEOS_DEPLOYMENT_TARGET = 10.2;
				MTL_ENABLE_DEBUG_INFO = NO;
				SDKROOT = iphoneos;
				VALIDATE_PRODUCT = YES;
			};
			name = Release;
		};
		067EAD2B1EA34AFC0017F8EB /* Debug */ = {
			isa = XCBuildConfiguration;
			baseConfigurationReference = 1EC4CCF7F506064FBA06E50E /* Pods-iOS-Generalframework.debug.xcconfig */;
			buildSettings = {
				ASSETCATALOG_COMPILER_APPICON_NAME = AppIcon;
				DEVELOPMENT_TEAM = KE9J58DYLQ;
				INFOPLIST_FILE = "iOS-Generalframework/Info.plist";
				IPHONEOS_DEPLOYMENT_TARGET = 7.0;
				LD_RUNPATH_SEARCH_PATHS = "$(inherited) @executable_path/Frameworks";
				PRODUCT_BUNDLE_IDENTIFIER = com.pangu16.module.Demo.AppMaster;
				PRODUCT_NAME = "$(TARGET_NAME)";
			};
			name = Debug;
		};
		067EAD2C1EA34AFC0017F8EB /* Release */ = {
			isa = XCBuildConfiguration;
			baseConfigurationReference = 518F4F775C90F94CEF81712B /* Pods-iOS-Generalframework.release.xcconfig */;
			buildSettings = {
				ASSETCATALOG_COMPILER_APPICON_NAME = AppIcon;
				DEVELOPMENT_TEAM = KE9J58DYLQ;
				INFOPLIST_FILE = "iOS-Generalframework/Info.plist";
				IPHONEOS_DEPLOYMENT_TARGET = 7.0;
				LD_RUNPATH_SEARCH_PATHS = "$(inherited) @executable_path/Frameworks";
				PRODUCT_BUNDLE_IDENTIFIER = com.pangu16.module.Demo.AppMaster;
				PRODUCT_NAME = "$(TARGET_NAME)";
			};
			name = Release;
		};
		067EAD2E1EA34AFC0017F8EB /* Debug */ = {
			isa = XCBuildConfiguration;
			buildSettings = {
				BUNDLE_LOADER = "$(TEST_HOST)";
				INFOPLIST_FILE = "iOS-GeneralframeworkTests/Info.plist";
				LD_RUNPATH_SEARCH_PATHS = "$(inherited) @executable_path/Frameworks @loader_path/Frameworks";
				PRODUCT_BUNDLE_IDENTIFIER = "xyx.iOS-GeneralframeworkTests";
				PRODUCT_NAME = "$(TARGET_NAME)";
				TEST_HOST = "$(BUILT_PRODUCTS_DIR)/iOS-Generalframework.app/iOS-Generalframework";
			};
			name = Debug;
		};
		067EAD2F1EA34AFC0017F8EB /* Release */ = {
			isa = XCBuildConfiguration;
			buildSettings = {
				BUNDLE_LOADER = "$(TEST_HOST)";
				INFOPLIST_FILE = "iOS-GeneralframeworkTests/Info.plist";
				LD_RUNPATH_SEARCH_PATHS = "$(inherited) @executable_path/Frameworks @loader_path/Frameworks";
				PRODUCT_BUNDLE_IDENTIFIER = "xyx.iOS-GeneralframeworkTests";
				PRODUCT_NAME = "$(TARGET_NAME)";
				TEST_HOST = "$(BUILT_PRODUCTS_DIR)/iOS-Generalframework.app/iOS-Generalframework";
			};
			name = Release;
		};
		067EAD311EA34AFC0017F8EB /* Debug */ = {
			isa = XCBuildConfiguration;
			buildSettings = {
				INFOPLIST_FILE = "iOS-GeneralframeworkUITests/Info.plist";
				LD_RUNPATH_SEARCH_PATHS = "$(inherited) @executable_path/Frameworks @loader_path/Frameworks";
				PRODUCT_BUNDLE_IDENTIFIER = "xyx.iOS-GeneralframeworkUITests";
				PRODUCT_NAME = "$(TARGET_NAME)";
				TEST_TARGET_NAME = "iOS-Generalframework";
			};
			name = Debug;
		};
		067EAD321EA34AFC0017F8EB /* Release */ = {
			isa = XCBuildConfiguration;
			buildSettings = {
				INFOPLIST_FILE = "iOS-GeneralframeworkUITests/Info.plist";
				LD_RUNPATH_SEARCH_PATHS = "$(inherited) @executable_path/Frameworks @loader_path/Frameworks";
				PRODUCT_BUNDLE_IDENTIFIER = "xyx.iOS-GeneralframeworkUITests";
				PRODUCT_NAME = "$(TARGET_NAME)";
				TEST_TARGET_NAME = "iOS-Generalframework";
			};
			name = Release;
		};
/* End XCBuildConfiguration section */

/* Begin XCConfigurationList section */
		067EACF81EA34AFC0017F8EB /* Build configuration list for PBXProject "iOS-Generalframework" */ = {
			isa = XCConfigurationList;
			buildConfigurations = (
				067EAD281EA34AFC0017F8EB /* Debug */,
				067EAD291EA34AFC0017F8EB /* Release */,
			);
			defaultConfigurationIsVisible = 0;
			defaultConfigurationName = Release;
		};
		067EAD2A1EA34AFC0017F8EB /* Build configuration list for PBXNativeTarget "iOS-Generalframework" */ = {
			isa = XCConfigurationList;
			buildConfigurations = (
				067EAD2B1EA34AFC0017F8EB /* Debug */,
				067EAD2C1EA34AFC0017F8EB /* Release */,
			);
			defaultConfigurationIsVisible = 0;
			defaultConfigurationName = Release;
		};
		067EAD2D1EA34AFC0017F8EB /* Build configuration list for PBXNativeTarget "iOS-GeneralframeworkTests" */ = {
			isa = XCConfigurationList;
			buildConfigurations = (
				067EAD2E1EA34AFC0017F8EB /* Debug */,
				067EAD2F1EA34AFC0017F8EB /* Release */,
			);
			defaultConfigurationIsVisible = 0;
			defaultConfigurationName = Release;
		};
		067EAD301EA34AFC0017F8EB /* Build configuration list for PBXNativeTarget "iOS-GeneralframeworkUITests" */ = {
			isa = XCConfigurationList;
			buildConfigurations = (
				067EAD311EA34AFC0017F8EB /* Debug */,
				067EAD321EA34AFC0017F8EB /* Release */,
			);
			defaultConfigurationIsVisible = 0;
			defaultConfigurationName = Release;
		};
/* End XCConfigurationList section */
	};
	rootObject = 067EACF51EA34AFC0017F8EB /* Project object */;
}
